// !$*UTF8*$!
{
	archiveVersion = 1;
	classes = {
	};
	objectVersion = 46;
	objects = {

/* Begin PBXBuildFile section */
		62F742D41DF9FF3B0071E17F /* AppDelegate.swift in Sources */ = {isa = PBXBuildFile; fileRef = 62F742D31DF9FF3B0071E17F /* AppDelegate.swift */; };
		62F742D91DF9FF3B0071E17F /* Main.storyboard in Resources */ = {isa = PBXBuildFile; fileRef = 62F742D71DF9FF3B0071E17F /* Main.storyboard */; };
		62F742DB1DF9FF3B0071E17F /* Assets.xcassets in Resources */ = {isa = PBXBuildFile; fileRef = 62F742DA1DF9FF3B0071E17F /* Assets.xcassets */; };
		62F742DE1DF9FF3B0071E17F /* LaunchScreen.storyboard in Resources */ = {isa = PBXBuildFile; fileRef = 62F742DC1DF9FF3B0071E17F /* LaunchScreen.storyboard */; };
		62F742E91DF9FF3B0071E17F /* MidtermElementsTests.swift in Sources */ = {isa = PBXBuildFile; fileRef = 62F742E81DF9FF3B0071E17F /* MidtermElementsTests.swift */; };
		62F742F71DF9FFA10071E17F /* ElementTableViewController.swift in Sources */ = {isa = PBXBuildFile; fileRef = 62F742F61DF9FFA10071E17F /* ElementTableViewController.swift */; };
		62F742F91DF9FFB60071E17F /* DetailViewController.swift in Sources */ = {isa = PBXBuildFile; fileRef = 62F742F81DF9FFB60071E17F /* DetailViewController.swift */; };
		62F742FB1DFA01120071E17F /* ElementRequestManager.swift in Sources */ = {isa = PBXBuildFile; fileRef = 62F742FA1DFA01120071E17F /* ElementRequestManager.swift */; };
		62F742FD1DFA02980071E17F /* Element.swift in Sources */ = {isa = PBXBuildFile; fileRef = 62F742FC1DFA02980071E17F /* Element.swift */; };
		62F742FF1DFA19210071E17F /* ImageExtension.swift in Sources */ = {isa = PBXBuildFile; fileRef = 62F742FE1DFA19210071E17F /* ImageExtension.swift */; };
/* End PBXBuildFile section */

/* Begin PBXContainerItemProxy section */
		62F742E51DF9FF3B0071E17F /* PBXContainerItemProxy */ = {
			isa = PBXContainerItemProxy;
			containerPortal = 62F742C81DF9FF3B0071E17F /* Project object */;
			proxyType = 1;
			remoteGlobalIDString = 62F742CF1DF9FF3B0071E17F;
			remoteInfo = MidtermElements;
		};
/* End PBXContainerItemProxy section */

/* Begin PBXFileReference section */
		62F742D01DF9FF3B0071E17F /* MidtermElements.app */ = {isa = PBXFileReference; explicitFileType = wrapper.application; includeInIndex = 0; path = MidtermElements.app; sourceTree = BUILT_PRODUCTS_DIR; };
		62F742D31DF9FF3B0071E17F /* AppDelegate.swift */ = {isa = PBXFileReference; lastKnownFileType = sourcecode.swift; path = AppDelegate.swift; sourceTree = "<group>"; };
		62F742D81DF9FF3B0071E17F /* Base */ = {isa = PBXFileReference; lastKnownFileType = file.storyboard; name = Base; path = Base.lproj/Main.storyboard; sourceTree = "<group>"; };
		62F742DA1DF9FF3B0071E17F /* Assets.xcassets */ = {isa = PBXFileReference; lastKnownFileType = folder.assetcatalog; name = Assets.xcassets; path = MidtermElements/Assets.xcassets; sourceTree = "<group>"; };
		62F742DD1DF9FF3B0071E17F /* Base */ = {isa = PBXFileReference; lastKnownFileType = file.storyboard; name = Base; path = Base.lproj/LaunchScreen.storyboard; sourceTree = "<group>"; };
		62F742DF1DF9FF3B0071E17F /* Info.plist */ = {isa = PBXFileReference; lastKnownFileType = text.plist.xml; name = Info.plist; path = MidtermElements/Info.plist; sourceTree = "<group>"; };
		62F742E41DF9FF3B0071E17F /* MidtermElementsTests.xctest */ = {isa = PBXFileReference; explicitFileType = wrapper.cfbundle; includeInIndex = 0; path = MidtermElementsTests.xctest; sourceTree = BUILT_PRODUCTS_DIR; };
		62F742E81DF9FF3B0071E17F /* MidtermElementsTests.swift */ = {isa = PBXFileReference; lastKnownFileType = sourcecode.swift; path = MidtermElementsTests.swift; sourceTree = "<group>"; };
		62F742EA1DF9FF3B0071E17F /* Info.plist */ = {isa = PBXFileReference; lastKnownFileType = text.plist.xml; path = Info.plist; sourceTree = "<group>"; };
		62F742F61DF9FFA10071E17F /* ElementTableViewController.swift */ = {isa = PBXFileReference; fileEncoding = 4; lastKnownFileType = sourcecode.swift; path = ElementTableViewController.swift; sourceTree = "<group>"; };
		62F742F81DF9FFB60071E17F /* DetailViewController.swift */ = {isa = PBXFileReference; fileEncoding = 4; lastKnownFileType = sourcecode.swift; path = DetailViewController.swift; sourceTree = "<group>"; };
		62F742FA1DFA01120071E17F /* ElementRequestManager.swift */ = {isa = PBXFileReference; fileEncoding = 4; lastKnownFileType = sourcecode.swift; path = ElementRequestManager.swift; sourceTree = "<group>"; };
		62F742FC1DFA02980071E17F /* Element.swift */ = {isa = PBXFileReference; fileEncoding = 4; lastKnownFileType = sourcecode.swift; path = Element.swift; sourceTree = "<group>"; };
		62F742FE1DFA19210071E17F /* ImageExtension.swift */ = {isa = PBXFileReference; fileEncoding = 4; lastKnownFileType = sourcecode.swift; path = ImageExtension.swift; sourceTree = "<group>"; };
/* End PBXFileReference section */

/* Begin PBXFrameworksBuildPhase section */
		62F742CD1DF9FF3B0071E17F /* Frameworks */ = {
			isa = PBXFrameworksBuildPhase;
			buildActionMask = 2147483647;
			files = (
			);
			runOnlyForDeploymentPostprocessing = 0;
		};
		62F742E11DF9FF3B0071E17F /* Frameworks */ = {
			isa = PBXFrameworksBuildPhase;
			buildActionMask = 2147483647;
			files = (
			);
			runOnlyForDeploymentPostprocessing = 0;
		};
/* End PBXFrameworksBuildPhase section */

/* Begin PBXGroup section */
		62F742C71DF9FF3B0071E17F = {
			isa = PBXGroup;
			children = (
				62F742D21DF9FF3B0071E17F /* MidtermElements */,
				62F742DA1DF9FF3B0071E17F /* Assets.xcassets */,
				62F742DF1DF9FF3B0071E17F /* Info.plist */,
				62F742E71DF9FF3B0071E17F /* MidtermElementsTests */,
				62F742D11DF9FF3B0071E17F /* Products */,
			);
			sourceTree = "<group>";
		};
		62F742D11DF9FF3B0071E17F /* Products */ = {
			isa = PBXGroup;
			children = (
				62F742D01DF9FF3B0071E17F /* MidtermElements.app */,
				62F742E41DF9FF3B0071E17F /* MidtermElementsTests.xctest */,
			);
			name = Products;
			sourceTree = "<group>";
		};
		62F742D21DF9FF3B0071E17F /* MidtermElements */ = {
			isa = PBXGroup;
			children = (
				62F742F51DF9FF490071E17F /* Model */,
				62F742F41DF9FF470071E17F /* View */,
				62F742F31DF9FF430071E17F /* Controller */,
			);
			path = MidtermElements;
			sourceTree = "<group>";
		};
		62F742E71DF9FF3B0071E17F /* MidtermElementsTests */ = {
			isa = PBXGroup;
			children = (
				62F742E81DF9FF3B0071E17F /* MidtermElementsTests.swift */,
				62F742EA1DF9FF3B0071E17F /* Info.plist */,
			);
			path = MidtermElementsTests;
			sourceTree = "<group>";
		};
		62F742F31DF9FF430071E17F /* Controller */ = {
			isa = PBXGroup;
			children = (
				62F742F61DF9FFA10071E17F /* ElementTableViewController.swift */,
				62F742F81DF9FFB60071E17F /* DetailViewController.swift */,
			);
			name = Controller;
			sourceTree = "<group>";
		};
		62F742F41DF9FF470071E17F /* View */ = {
			isa = PBXGroup;
			children = (
				62F742D71DF9FF3B0071E17F /* Main.storyboard */,
				62F742DC1DF9FF3B0071E17F /* LaunchScreen.storyboard */,
			);
			name = View;
			sourceTree = "<group>";
		};
		62F742F51DF9FF490071E17F /* Model */ = {
			isa = PBXGroup;
			children = (
				62F742D31DF9FF3B0071E17F /* AppDelegate.swift */,
				62F742FA1DFA01120071E17F /* ElementRequestManager.swift */,
				62F742FC1DFA02980071E17F /* Element.swift */,
				62F742FE1DFA19210071E17F /* ImageExtension.swift */,
			);
			name = Model;
			sourceTree = "<group>";
		};
/* End PBXGroup section */

/* Begin PBXNativeTarget section */
		62F742CF1DF9FF3B0071E17F /* MidtermElements */ = {
			isa = PBXNativeTarget;
			buildConfigurationList = 62F742ED1DF9FF3B0071E17F /* Build configuration list for PBXNativeTarget "MidtermElements" */;
			buildPhases = (
				62F742CC1DF9FF3B0071E17F /* Sources */,
				62F742CD1DF9FF3B0071E17F /* Frameworks */,
				62F742CE1DF9FF3B0071E17F /* Resources */,
			);
			buildRules = (
			);
			dependencies = (
			);
			name = MidtermElements;
			productName = MidtermElements;
			productReference = 62F742D01DF9FF3B0071E17F /* MidtermElements.app */;
			productType = "com.apple.product-type.application";
		};
		62F742E31DF9FF3B0071E17F /* MidtermElementsTests */ = {
			isa = PBXNativeTarget;
			buildConfigurationList = 62F742F01DF9FF3B0071E17F /* Build configuration list for PBXNativeTarget "MidtermElementsTests" */;
			buildPhases = (
				62F742E01DF9FF3B0071E17F /* Sources */,
				62F742E11DF9FF3B0071E17F /* Frameworks */,
				62F742E21DF9FF3B0071E17F /* Resources */,
			);
			buildRules = (
			);
			dependencies = (
				62F742E61DF9FF3B0071E17F /* PBXTargetDependency */,
			);
			name = MidtermElementsTests;
			productName = MidtermElementsTests;
			productReference = 62F742E41DF9FF3B0071E17F /* MidtermElementsTests.xctest */;
			productType = "com.apple.product-type.bundle.unit-test";
		};
/* End PBXNativeTarget section */

/* Begin PBXProject section */
		62F742C81DF9FF3B0071E17F /* Project object */ = {
			isa = PBXProject;
			attributes = {
				LastSwiftUpdateCheck = 0810;
				LastUpgradeCheck = 0810;
				ORGANIZATIONNAME = "Tyler Newton";
				TargetAttributes = {
					62F742CF1DF9FF3B0071E17F = {
						CreatedOnToolsVersion = 8.1;
						ProvisioningStyle = Automatic;
					};
					62F742E31DF9FF3B0071E17F = {
						CreatedOnToolsVersion = 8.1;
						ProvisioningStyle = Automatic;
						TestTargetID = 62F742CF1DF9FF3B0071E17F;
					};
				};
			};
			buildConfigurationList = 62F742CB1DF9FF3B0071E17F /* Build configuration list for PBXProject "MidtermElements" */;
			compatibilityVersion = "Xcode 3.2";
			developmentRegion = English;
			hasScannedForEncodings = 0;
			knownRegions = (
				en,
				Base,
			);
			mainGroup = 62F742C71DF9FF3B0071E17F;
			productRefGroup = 62F742D11DF9FF3B0071E17F /* Products */;
			projectDirPath = "";
			projectRoot = "";
			targets = (
				62F742CF1DF9FF3B0071E17F /* MidtermElements */,
				62F742E31DF9FF3B0071E17F /* MidtermElementsTests */,
			);
		};
/* End PBXProject section */

/* Begin PBXResourcesBuildPhase section */
		62F742CE1DF9FF3B0071E17F /* Resources */ = {
			isa = PBXResourcesBuildPhase;
			buildActionMask = 2147483647;
			files = (
				62F742DE1DF9FF3B0071E17F /* LaunchScreen.storyboard in Resources */,
				62F742DB1DF9FF3B0071E17F /* Assets.xcassets in Resources */,
				62F742D91DF9FF3B0071E17F /* Main.storyboard in Resources */,
			);
			runOnlyForDeploymentPostprocessing = 0;
		};
		62F742E21DF9FF3B0071E17F /* Resources */ = {
			isa = PBXResourcesBuildPhase;
			buildActionMask = 2147483647;
			files = (
			);
			runOnlyForDeploymentPostprocessing = 0;
		};
/* End PBXResourcesBuildPhase section */

/* Begin PBXSourcesBuildPhase section */
		62F742CC1DF9FF3B0071E17F /* Sources */ = {
			isa = PBXSourcesBuildPhase;
			buildActionMask = 2147483647;
			files = (
				62F742FB1DFA01120071E17F /* ElementRequestManager.swift in Sources */,
				62F742FF1DFA19210071E17F /* ImageExtension.swift in Sources */,
				62F742F91DF9FFB60071E17F /* DetailViewController.swift in Sources */,
				62F742F71DF9FFA10071E17F /* ElementTableViewController.swift in Sources */,
				62F742D41DF9FF3B0071E17F /* AppDelegate.swift in Sources */,
				62F742FD1DFA02980071E17F /* Element.swift in Sources */,
			);
			runOnlyForDeploymentPostprocessing = 0;
		};
		62F742E01DF9FF3B0071E17F /* Sources */ = {
			isa = PBXSourcesBuildPhase;
			buildActionMask = 2147483647;
			files = (
				62F742E91DF9FF3B0071E17F /* MidtermElementsTests.swift in Sources */,
			);
			runOnlyForDeploymentPostprocessing = 0;
		};
/* End PBXSourcesBuildPhase section */

/* Begin PBXTargetDependency section */
		62F742E61DF9FF3B0071E17F /* PBXTargetDependency */ = {
			isa = PBXTargetDependency;
			target = 62F742CF1DF9FF3B0071E17F /* MidtermElements */;
			targetProxy = 62F742E51DF9FF3B0071E17F /* PBXContainerItemProxy */;
		};
/* End PBXTargetDependency section */

/* Begin PBXVariantGroup section */
		62F742D71DF9FF3B0071E17F /* Main.storyboard */ = {
			isa = PBXVariantGroup;
			children = (
				62F742D81DF9FF3B0071E17F /* Base */,
			);
			name = Main.storyboard;
			sourceTree = "<group>";
		};
		62F742DC1DF9FF3B0071E17F /* LaunchScreen.storyboard */ = {
			isa = PBXVariantGroup;
			children = (
				62F742DD1DF9FF3B0071E17F /* Base */,
			);
			name = LaunchScreen.storyboard;
			sourceTree = "<group>";
		};
/* End PBXVariantGroup section */

/* Begin XCBuildConfiguration section */
		62F742EB1DF9FF3B0071E17F /* Debug */ = {
			isa = XCBuildConfiguration;
			buildSettings = {
				ALWAYS_SEARCH_USER_PATHS = NO;
				CLANG_ANALYZER_NONNULL = YES;
				CLANG_CXX_LANGUAGE_STANDARD = "gnu++0x";
				CLANG_CXX_LIBRARY = "libc++";
				CLANG_ENABLE_MODULES = YES;
				CLANG_ENABLE_OBJC_ARC = YES;
				CLANG_WARN_BOOL_CONVERSION = YES;
				CLANG_WARN_CONSTANT_CONVERSION = YES;
				CLANG_WARN_DIRECT_OBJC_ISA_USAGE = YES_ERROR;
				CLANG_WARN_DOCUMENTATION_COMMENTS = YES;
				CLANG_WARN_EMPTY_BODY = YES;
				CLANG_WARN_ENUM_CONVERSION = YES;
				CLANG_WARN_INFINITE_RECURSION = YES;
				CLANG_WARN_INT_CONVERSION = YES;
				CLANG_WARN_OBJC_ROOT_CLASS = YES_ERROR;
				CLANG_WARN_SUSPICIOUS_MOVES = YES;
				CLANG_WARN_UNREACHABLE_CODE = YES;
				CLANG_WARN__DUPLICATE_METHOD_MATCH = YES;
				"CODE_SIGN_IDENTITY[sdk=iphoneos*]" = "iPhone Developer";
				COPY_PHASE_STRIP = NO;
				DEBUG_INFORMATION_FORMAT = dwarf;
				ENABLE_STRICT_OBJC_MSGSEND = YES;
				ENABLE_TESTABILITY = YES;
				GCC_C_LANGUAGE_STANDARD = gnu99;
				GCC_DYNAMIC_NO_PIC = NO;
				GCC_NO_COMMON_BLOCKS = YES;
				GCC_OPTIMIZATION_LEVEL = 0;
				GCC_PREPROCESSOR_DEFINITIONS = (
					"DEBUG=1",
					"$(inherited)",
				);
				GCC_WARN_64_TO_32_BIT_CONVERSION = YES;
				GCC_WARN_ABOUT_RETURN_TYPE = YES_ERROR;
				GCC_WARN_UNDECLARED_SELECTOR = YES;
				GCC_WARN_UNINITIALIZED_AUTOS = YES_AGGRESSIVE;
				GCC_WARN_UNUSED_FUNCTION = YES;
				GCC_WARN_UNUSED_VARIABLE = YES;
				IPHONEOS_DEPLOYMENT_TARGET = 10.1;
				MTL_ENABLE_DEBUG_INFO = YES;
				ONLY_ACTIVE_ARCH = YES;
				SDKROOT = iphoneos;
				SWIFT_ACTIVE_COMPILATION_CONDITIONS = DEBUG;
				SWIFT_OPTIMIZATION_LEVEL = "-Onone";
				TARGETED_DEVICE_FAMILY = "1,2";
			};
			name = Debug;
		};
		62F742EC1DF9FF3B0071E17F /* Release */ = {
			isa = XCBuildConfiguration;
			buildSettings = {
				ALWAYS_SEARCH_USER_PATHS = NO;
				CLANG_ANALYZER_NONNULL = YES;
				CLANG_CXX_LANGUAGE_STANDARD = "gnu++0x";
				CLANG_CXX_LIBRARY = "libc++";
				CLANG_ENABLE_MODULES = YES;
				CLANG_ENABLE_OBJC_ARC = YES;
				CLANG_WARN_BOOL_CONVERSION = YES;
				CLANG_WARN_CONSTANT_CONVERSION = YES;
				CLANG_WARN_DIRECT_OBJC_ISA_USAGE = YES_ERROR;
				CLANG_WARN_DOCUMENTATION_COMMENTS = YES;
				CLANG_WARN_EMPTY_BODY = YES;
				CLANG_WARN_ENUM_CONVERSION = YES;
				CLANG_WARN_INFINITE_RECURSION = YES;
				CLANG_WARN_INT_CONVERSION = YES;
				CLANG_WARN_OBJC_ROOT_CLASS = YES_ERROR;
				CLANG_WARN_SUSPICIOUS_MOVES = YES;
				CLANG_WARN_UNREACHABLE_CODE = YES;
				CLANG_WARN__DUPLICATE_METHOD_MATCH = YES;
				"CODE_SIGN_IDENTITY[sdk=iphoneos*]" = "iPhone Developer";
				COPY_PHASE_STRIP = NO;
				DEBUG_INFORMATION_FORMAT = "dwarf-with-dsym";
				ENABLE_NS_ASSERTIONS = NO;
				ENABLE_STRICT_OBJC_MSGSEND = YES;
				GCC_C_LANGUAGE_STANDARD = gnu99;
				GCC_NO_COMMON_BLOCKS = YES;
				GCC_WARN_64_TO_32_BIT_CONVERSION = YES;
				GCC_WARN_ABOUT_RETURN_TYPE = YES_ERROR;
				GCC_WARN_UNDECLARED_SELECTOR = YES;
				GCC_WARN_UNINITIALIZED_AUTOS = YES_AGGRESSIVE;
				GCC_WARN_UNUSED_FUNCTION = YES;
				GCC_WARN_UNUSED_VARIABLE = YES;
				IPHONEOS_DEPLOYMENT_TARGET = 10.1;
				MTL_ENABLE_DEBUG_INFO = NO;
				SDKROOT = iphoneos;
				SWIFT_OPTIMIZATION_LEVEL = "-Owholemodule";
				TARGETED_DEVICE_FAMILY = "1,2";
				VALIDATE_PRODUCT = YES;
			};
			name = Release;
		};
		62F742EE1DF9FF3B0071E17F /* Debug */ = {
			isa = XCBuildConfiguration;
			buildSettings = {
				ASSETCATALOG_COMPILER_APPICON_NAME = AppIcon;
				INFOPLIST_FILE = MidtermElements/Info.plist;
				LD_RUNPATH_SEARCH_PATHS = "$(inherited) @executable_path/Frameworks";
				PRODUCT_BUNDLE_IDENTIFIER = "C4Q-tylerNewton.MidtermElements";
				PRODUCT_NAME = "$(TARGET_NAME)";
				SWIFT_VERSION = 3.0;
			};
			name = Debug;
		};
		62F742EF1DF9FF3B0071E17F /* Release */ = {
			isa = XCBuildConfiguration;
			buildSettings = {
				ASSETCATALOG_COMPILER_APPICON_NAME = AppIcon;
				INFOPLIST_FILE = MidtermElements/Info.plist;
				LD_RUNPATH_SEARCH_PATHS = "$(inherited) @executable_path/Frameworks";
				PRODUCT_BUNDLE_IDENTIFIER = "C4Q-tylerNewton.MidtermElements";
				PRODUCT_NAME = "$(TARGET_NAME)";
				SWIFT_VERSION = 3.0;
			};
			name = Release;
		};
		62F742F11DF9FF3B0071E17F /* Debug */ = {
			isa = XCBuildConfiguration;
			buildSettings = {
				ALWAYS_EMBED_SWIFT_STANDARD_LIBRARIES = YES;
				BUNDLE_LOADER = "$(TEST_HOST)";
				INFOPLIST_FILE = MidtermElementsTests/Info.plist;
				LD_RUNPATH_SEARCH_PATHS = "$(inherited) @executable_path/Frameworks @loader_path/Frameworks";
				PRODUCT_BUNDLE_IDENTIFIER = "C4Q-tylerNewton.MidtermElementsTests";
				PRODUCT_NAME = "$(TARGET_NAME)";
				SWIFT_VERSION = 3.0;
				TEST_HOST = "$(BUILT_PRODUCTS_DIR)/MidtermElements.app/MidtermElements";
			};
			name = Debug;
		};
		62F742F21DF9FF3B0071E17F /* Release */ = {
			isa = XCBuildConfiguration;
			buildSettings = {
				ALWAYS_EMBED_SWIFT_STANDARD_LIBRARIES = YES;
				BUNDLE_LOADER = "$(TEST_HOST)";
				INFOPLIST_FILE = MidtermElementsTests/Info.plist;
				LD_RUNPATH_SEARCH_PATHS = "$(inherited) @executable_path/Frameworks @loader_path/Frameworks";
				PRODUCT_BUNDLE_IDENTIFIER = "C4Q-tylerNewton.MidtermElementsTests";
				PRODUCT_NAME = "$(TARGET_NAME)";
				SWIFT_VERSION = 3.0;
				TEST_HOST = "$(BUILT_PRODUCTS_DIR)/MidtermElements.app/MidtermElements";
			};
			name = Release;
		};
/* End XCBuildConfiguration section */

/* Begin XCConfigurationList section */
		62F742CB1DF9FF3B0071E17F /* Build configuration list for PBXProject "MidtermElements" */ = {
			isa = XCConfigurationList;
			buildConfigurations = (
				62F742EB1DF9FF3B0071E17F /* Debug */,
				62F742EC1DF9FF3B0071E17F /* Release */,
			);
			defaultConfigurationIsVisible = 0;
			defaultConfigurationName = Release;
		};
		62F742ED1DF9FF3B0071E17F /* Build configuration list for PBXNativeTarget "MidtermElements" */ = {
			isa = XCConfigurationList;
			buildConfigurations = (
				62F742EE1DF9FF3B0071E17F /* Debug */,
				62F742EF1DF9FF3B0071E17F /* Release */,
			);
			defaultConfigurationIsVisible = 0;
		};
		62F742F01DF9FF3B0071E17F /* Build configuration list for PBXNativeTarget "MidtermElementsTests" */ = {
			isa = XCConfigurationList;
			buildConfigurations = (
				62F742F11DF9FF3B0071E17F /* Debug */,
				62F742F21DF9FF3B0071E17F /* Release */,
			);
			defaultConfigurationIsVisible = 0;
		};
/* End XCConfigurationList section */
	};
	rootObject = 62F742C81DF9FF3B0071E17F /* Project object */;
}
